// !$*UTF8*$!
{
	archiveVersion = 1;
	classes = {
	};
	objectVersion = 56;
	objects = {

/* Begin PBXBuildFile section */
		816A439A28EAA99500AAF5AF /* AppDelegate.swift in Sources */ = {isa = PBXBuildFile; fileRef = 816A439928EAA99500AAF5AF /* AppDelegate.swift */; };
		816A439C28EAA99500AAF5AF /* SceneDelegate.swift in Sources */ = {isa = PBXBuildFile; fileRef = 816A439B28EAA99500AAF5AF /* SceneDelegate.swift */; };
		816A439E28EAA99500AAF5AF /* ViewController.swift in Sources */ = {isa = PBXBuildFile; fileRef = 816A439D28EAA99500AAF5AF /* ViewController.swift */; };
		816A43A128EAA99500AAF5AF /* Main.storyboard in Resources */ = {isa = PBXBuildFile; fileRef = 816A439F28EAA99500AAF5AF /* Main.storyboard */; };
		816A43A328EAA99800AAF5AF /* Assets.xcassets in Resources */ = {isa = PBXBuildFile; fileRef = 816A43A228EAA99800AAF5AF /* Assets.xcassets */; };
		816A43A628EAA99800AAF5AF /* LaunchScreen.storyboard in Resources */ = {isa = PBXBuildFile; fileRef = 816A43A428EAA99800AAF5AF /* LaunchScreen.storyboard */; };
		816A43B128EAA99800AAF5AF /* Section1_TableViewAssignmentTests.swift in Sources */ = {isa = PBXBuildFile; fileRef = 816A43B028EAA99800AAF5AF /* Section1_TableViewAssignmentTests.swift */; };
		816A43BB28EAA99800AAF5AF /* Section1_TableViewAssignmentUITests.swift in Sources */ = {isa = PBXBuildFile; fileRef = 816A43BA28EAA99800AAF5AF /* Section1_TableViewAssignmentUITests.swift */; };
		816A43BD28EAA99800AAF5AF /* Section1_TableViewAssignmentUITestsLaunchTests.swift in Sources */ = {isa = PBXBuildFile; fileRef = 816A43BC28EAA99800AAF5AF /* Section1_TableViewAssignmentUITestsLaunchTests.swift */; };
/* End PBXBuildFile section */

/* Begin PBXContainerItemProxy section */
		816A43AD28EAA99800AAF5AF /* PBXContainerItemProxy */ = {
			isa = PBXContainerItemProxy;
			containerPortal = 816A438E28EAA99500AAF5AF /* Project object */;
			proxyType = 1;
			remoteGlobalIDString = 816A439528EAA99500AAF5AF;
			remoteInfo = Section1_TableViewAssignment;
		};
		816A43B728EAA99800AAF5AF /* PBXContainerItemProxy */ = {
			isa = PBXContainerItemProxy;
			containerPortal = 816A438E28EAA99500AAF5AF /* Project object */;
			proxyType = 1;
			remoteGlobalIDString = 816A439528EAA99500AAF5AF;
			remoteInfo = Section1_TableViewAssignment;
		};
/* End PBXContainerItemProxy section */

/* Begin PBXFileReference section */
		816A439628EAA99500AAF5AF /* Section1_TableViewAssignment.app */ = {isa = PBXFileReference; explicitFileType = wrapper.application; includeInIndex = 0; path = Section1_TableViewAssignment.app; sourceTree = BUILT_PRODUCTS_DIR; };
		816A439928EAA99500AAF5AF /* AppDelegate.swift */ = {isa = PBXFileReference; lastKnownFileType = sourcecode.swift; path = AppDelegate.swift; sourceTree = "<group>"; };
		816A439B28EAA99500AAF5AF /* SceneDelegate.swift */ = {isa = PBXFileReference; lastKnownFileType = sourcecode.swift; path = SceneDelegate.swift; sourceTree = "<group>"; };
		816A439D28EAA99500AAF5AF /* ViewController.swift */ = {isa = PBXFileReference; lastKnownFileType = sourcecode.swift; path = ViewController.swift; sourceTree = "<group>"; };
		816A43A028EAA99500AAF5AF /* Base */ = {isa = PBXFileReference; lastKnownFileType = file.storyboard; name = Base; path = Base.lproj/Main.storyboard; sourceTree = "<group>"; };
		816A43A228EAA99800AAF5AF /* Assets.xcassets */ = {isa = PBXFileReference; lastKnownFileType = folder.assetcatalog; path = Assets.xcassets; sourceTree = "<group>"; };
		816A43A528EAA99800AAF5AF /* Base */ = {isa = PBXFileReference; lastKnownFileType = file.storyboard; name = Base; path = Base.lproj/LaunchScreen.storyboard; sourceTree = "<group>"; };
		816A43A728EAA99800AAF5AF /* Info.plist */ = {isa = PBXFileReference; lastKnownFileType = text.plist.xml; path = Info.plist; sourceTree = "<group>"; };
		816A43AC28EAA99800AAF5AF /* Section1_TableViewAssignmentTests.xctest */ = {isa = PBXFileReference; explicitFileType = wrapper.cfbundle; includeInIndex = 0; path = Section1_TableViewAssignmentTests.xctest; sourceTree = BUILT_PRODUCTS_DIR; };
		816A43B028EAA99800AAF5AF /* Section1_TableViewAssignmentTests.swift */ = {isa = PBXFileReference; lastKnownFileType = sourcecode.swift; path = Section1_TableViewAssignmentTests.swift; sourceTree = "<group>"; };
		816A43B628EAA99800AAF5AF /* Section1_TableViewAssignmentUITests.xctest */ = {isa = PBXFileReference; explicitFileType = wrapper.cfbundle; includeInIndex = 0; path = Section1_TableViewAssignmentUITests.xctest; sourceTree = BUILT_PRODUCTS_DIR; };
		816A43BA28EAA99800AAF5AF /* Section1_TableViewAssignmentUITests.swift */ = {isa = PBXFileReference; lastKnownFileType = sourcecode.swift; path = Section1_TableViewAssignmentUITests.swift; sourceTree = "<group>"; };
		816A43BC28EAA99800AAF5AF /* Section1_TableViewAssignmentUITestsLaunchTests.swift */ = {isa = PBXFileReference; lastKnownFileType = sourcecode.swift; path = Section1_TableViewAssignmentUITestsLaunchTests.swift; sourceTree = "<group>"; };
/* End PBXFileReference section */

/* Begin PBXFrameworksBuildPhase section */
		816A439328EAA99500AAF5AF /* Frameworks */ = {
			isa = PBXFrameworksBuildPhase;
			buildActionMask = 2147483647;
			files = (
			);
			runOnlyForDeploymentPostprocessing = 0;
		};
		816A43A928EAA99800AAF5AF /* Frameworks */ = {
			isa = PBXFrameworksBuildPhase;
			buildActionMask = 2147483647;
			files = (
			);
			runOnlyForDeploymentPostprocessing = 0;
		};
		816A43B328EAA99800AAF5AF /* Frameworks */ = {
			isa = PBXFrameworksBuildPhase;
			buildActionMask = 2147483647;
			files = (
			);
			runOnlyForDeploymentPostprocessing = 0;
		};
/* End PBXFrameworksBuildPhase section */

/* Begin PBXGroup section */
		816A438D28EAA99500AAF5AF = {
			isa = PBXGroup;
			children = (
				816A439828EAA99500AAF5AF /* Section1_TableViewAssignment */,
				816A43AF28EAA99800AAF5AF /* Section1_TableViewAssignmentTests */,
				816A43B928EAA99800AAF5AF /* Section1_TableViewAssignmentUITests */,
				816A439728EAA99500AAF5AF /* Products */,
			);
			sourceTree = "<group>";
		};
		816A439728EAA99500AAF5AF /* Products */ = {
			isa = PBXGroup;
			children = (
				816A439628EAA99500AAF5AF /* Section1_TableViewAssignment.app */,
				816A43AC28EAA99800AAF5AF /* Section1_TableViewAssignmentTests.xctest */,
				816A43B628EAA99800AAF5AF /* Section1_TableViewAssignmentUITests.xctest */,
			);
			name = Products;
			sourceTree = "<group>";
		};
		816A439828EAA99500AAF5AF /* Section1_TableViewAssignment */ = {
			isa = PBXGroup;
			children = (
				816A439928EAA99500AAF5AF /* AppDelegate.swift */,
				816A439B28EAA99500AAF5AF /* SceneDelegate.swift */,
				816A439D28EAA99500AAF5AF /* ViewController.swift */,
				816A439F28EAA99500AAF5AF /* Main.storyboard */,
				816A43A228EAA99800AAF5AF /* Assets.xcassets */,
				816A43A428EAA99800AAF5AF /* LaunchScreen.storyboard */,
				816A43A728EAA99800AAF5AF /* Info.plist */,
			);
			path = Section1_TableViewAssignment;
			sourceTree = "<group>";
		};
		816A43AF28EAA99800AAF5AF /* Section1_TableViewAssignmentTests */ = {
			isa = PBXGroup;
			children = (
				816A43B028EAA99800AAF5AF /* Section1_TableViewAssignmentTests.swift */,
			);
			path = Section1_TableViewAssignmentTests;
			sourceTree = "<group>";
		};
		816A43B928EAA99800AAF5AF /* Section1_TableViewAssignmentUITests */ = {
			isa = PBXGroup;
			children = (
				816A43BA28EAA99800AAF5AF /* Section1_TableViewAssignmentUITests.swift */,
				816A43BC28EAA99800AAF5AF /* Section1_TableViewAssignmentUITestsLaunchTests.swift */,
			);
			path = Section1_TableViewAssignmentUITests;
			sourceTree = "<group>";
		};
/* End PBXGroup section */

/* Begin PBXNativeTarget section */
		816A439528EAA99500AAF5AF /* Section1_TableViewAssignment */ = {
			isa = PBXNativeTarget;
			buildConfigurationList = 816A43C028EAA99800AAF5AF /* Build configuration list for PBXNativeTarget "Section1_TableViewAssignment" */;
			buildPhases = (
				816A439228EAA99500AAF5AF /* Sources */,
				816A439328EAA99500AAF5AF /* Frameworks */,
				816A439428EAA99500AAF5AF /* Resources */,
			);
			buildRules = (
			);
			dependencies = (
			);
			name = Section1_TableViewAssignment;
			productName = Section1_TableViewAssignment;
			productReference = 816A439628EAA99500AAF5AF /* Section1_TableViewAssignment.app */;
			productType = "com.apple.product-type.application";
		};
		816A43AB28EAA99800AAF5AF /* Section1_TableViewAssignmentTests */ = {
			isa = PBXNativeTarget;
			buildConfigurationList = 816A43C328EAA99800AAF5AF /* Build configuration list for PBXNativeTarget "Section1_TableViewAssignmentTests" */;
			buildPhases = (
				816A43A828EAA99800AAF5AF /* Sources */,
				816A43A928EAA99800AAF5AF /* Frameworks */,
				816A43AA28EAA99800AAF5AF /* Resources */,
			);
			buildRules = (
			);
			dependencies = (
				816A43AE28EAA99800AAF5AF /* PBXTargetDependency */,
			);
			name = Section1_TableViewAssignmentTests;
			productName = Section1_TableViewAssignmentTests;
			productReference = 816A43AC28EAA99800AAF5AF /* Section1_TableViewAssignmentTests.xctest */;
			productType = "com.apple.product-type.bundle.unit-test";
		};
		816A43B528EAA99800AAF5AF /* Section1_TableViewAssignmentUITests */ = {
			isa = PBXNativeTarget;
			buildConfigurationList = 816A43C628EAA99800AAF5AF /* Build configuration list for PBXNativeTarget "Section1_TableViewAssignmentUITests" */;
			buildPhases = (
				816A43B228EAA99800AAF5AF /* Sources */,
				816A43B328EAA99800AAF5AF /* Frameworks */,
				816A43B428EAA99800AAF5AF /* Resources */,
			);
			buildRules = (
			);
			dependencies = (
				816A43B828EAA99800AAF5AF /* PBXTargetDependency */,
			);
			name = Section1_TableViewAssignmentUITests;
			productName = Section1_TableViewAssignmentUITests;
			productReference = 816A43B628EAA99800AAF5AF /* Section1_TableViewAssignmentUITests.xctest */;
			productType = "com.apple.product-type.bundle.ui-testing";
		};
/* End PBXNativeTarget section */

/* Begin PBXProject section */
		816A438E28EAA99500AAF5AF /* Project object */ = {
			isa = PBXProject;
			attributes = {
				BuildIndependentTargetsInParallel = 1;
				LastSwiftUpdateCheck = 1400;
				LastUpgradeCheck = 1400;
				TargetAttributes = {
					816A439528EAA99500AAF5AF = {
						CreatedOnToolsVersion = 14.0.1;
					};
					816A43AB28EAA99800AAF5AF = {
						CreatedOnToolsVersion = 14.0.1;
						TestTargetID = 816A439528EAA99500AAF5AF;
					};
					816A43B528EAA99800AAF5AF = {
						CreatedOnToolsVersion = 14.0.1;
						TestTargetID = 816A439528EAA99500AAF5AF;
					};
				};
			};
			buildConfigurationList = 816A439128EAA99500AAF5AF /* Build configuration list for PBXProject "Section1_TableViewAssignment" */;
			compatibilityVersion = "Xcode 14.0";
			developmentRegion = en;
			hasScannedForEncodings = 0;
			knownRegions = (
				en,
				Base,
			);
			mainGroup = 816A438D28EAA99500AAF5AF;
			productRefGroup = 816A439728EAA99500AAF5AF /* Products */;
			projectDirPath = "";
			projectRoot = "";
			targets = (
				816A439528EAA99500AAF5AF /* Section1_TableViewAssignment */,
				816A43AB28EAA99800AAF5AF /* Section1_TableViewAssignmentTests */,
				816A43B528EAA99800AAF5AF /* Section1_TableViewAssignmentUITests */,
			);
		};
/* End PBXProject section */

/* Begin PBXResourcesBuildPhase section */
		816A439428EAA99500AAF5AF /* Resources */ = {
			isa = PBXResourcesBuildPhase;
			buildActionMask = 2147483647;
			files = (
				816A43A628EAA99800AAF5AF /* LaunchScreen.storyboard in Resources */,
				816A43A328EAA99800AAF5AF /* Assets.xcassets in Resources */,
				816A43A128EAA99500AAF5AF /* Main.storyboard in Resources */,
			);
			runOnlyForDeploymentPostprocessing = 0;
		};
		816A43AA28EAA99800AAF5AF /* Resources */ = {
			isa = PBXResourcesBuildPhase;
			buildActionMask = 2147483647;
			files = (
			);
			runOnlyForDeploymentPostprocessing = 0;
		};
		816A43B428EAA99800AAF5AF /* Resources */ = {
			isa = PBXResourcesBuildPhase;
			buildActionMask = 2147483647;
			files = (
			);
			runOnlyForDeploymentPostprocessing = 0;
		};
/* End PBXResourcesBuildPhase section */

/* Begin PBXSourcesBuildPhase section */
		816A439228EAA99500AAF5AF /* Sources */ = {
			isa = PBXSourcesBuildPhase;
			buildActionMask = 2147483647;
			files = (
				816A439E28EAA99500AAF5AF /* ViewController.swift in Sources */,
				816A439A28EAA99500AAF5AF /* AppDelegate.swift in Sources */,
				816A439C28EAA99500AAF5AF /* SceneDelegate.swift in Sources */,
			);
			runOnlyForDeploymentPostprocessing = 0;
		};
		816A43A828EAA99800AAF5AF /* Sources */ = {
			isa = PBXSourcesBuildPhase;
			buildActionMask = 2147483647;
			files = (
				816A43B128EAA99800AAF5AF /* Section1_TableViewAssignmentTests.swift in Sources */,
			);
			runOnlyForDeploymentPostprocessing = 0;
		};
		816A43B228EAA99800AAF5AF /* Sources */ = {
			isa = PBXSourcesBuildPhase;
			buildActionMask = 2147483647;
			files = (
				816A43BB28EAA99800AAF5AF /* Section1_TableViewAssignmentUITests.swift in Sources */,
				816A43BD28EAA99800AAF5AF /* Section1_TableViewAssignmentUITestsLaunchTests.swift in Sources */,
			);
			runOnlyForDeploymentPostprocessing = 0;
		};
/* End PBXSourcesBuildPhase section */

/* Begin PBXTargetDependency section */
		816A43AE28EAA99800AAF5AF /* PBXTargetDependency */ = {
			isa = PBXTargetDependency;
			target = 816A439528EAA99500AAF5AF /* Section1_TableViewAssignment */;
			targetProxy = 816A43AD28EAA99800AAF5AF /* PBXContainerItemProxy */;
		};
		816A43B828EAA99800AAF5AF /* PBXTargetDependency */ = {
			isa = PBXTargetDependency;
			target = 816A439528EAA99500AAF5AF /* Section1_TableViewAssignment */;
			targetProxy = 816A43B728EAA99800AAF5AF /* PBXContainerItemProxy */;
		};
/* End PBXTargetDependency section */

/* Begin PBXVariantGroup section */
		816A439F28EAA99500AAF5AF /* Main.storyboard */ = {
			isa = PBXVariantGroup;
			children = (
				816A43A028EAA99500AAF5AF /* Base */,
			);
			name = Main.storyboard;
			sourceTree = "<group>";
		};
		816A43A428EAA99800AAF5AF /* LaunchScreen.storyboard */ = {
			isa = PBXVariantGroup;
			children = (
				816A43A528EAA99800AAF5AF /* Base */,
			);
			name = LaunchScreen.storyboard;
			sourceTree = "<group>";
		};
/* End PBXVariantGroup section */

/* Begin XCBuildConfiguration section */
		816A43BE28EAA99800AAF5AF /* Debug */ = {
			isa = XCBuildConfiguration;
			buildSettings = {
				ALWAYS_SEARCH_USER_PATHS = NO;
				CLANG_ANALYZER_NONNULL = YES;
				CLANG_ANALYZER_NUMBER_OBJECT_CONVERSION = YES_AGGRESSIVE;
				CLANG_CXX_LANGUAGE_STANDARD = "gnu++20";
				CLANG_ENABLE_MODULES = YES;
				CLANG_ENABLE_OBJC_ARC = YES;
				CLANG_ENABLE_OBJC_WEAK = YES;
				CLANG_WARN_BLOCK_CAPTURE_AUTORELEASING = YES;
				CLANG_WARN_BOOL_CONVERSION = YES;
				CLANG_WARN_COMMA = YES;
				CLANG_WARN_CONSTANT_CONVERSION = YES;
				CLANG_WARN_DEPRECATED_OBJC_IMPLEMENTATIONS = YES;
				CLANG_WARN_DIRECT_OBJC_ISA_USAGE = YES_ERROR;
				CLANG_WARN_DOCUMENTATION_COMMENTS = YES;
				CLANG_WARN_EMPTY_BODY = YES;
				CLANG_WARN_ENUM_CONVERSION = YES;
				CLANG_WARN_INFINITE_RECURSION = YES;
				CLANG_WARN_INT_CONVERSION = YES;
				CLANG_WARN_NON_LITERAL_NULL_CONVERSION = YES;
				CLANG_WARN_OBJC_IMPLICIT_RETAIN_SELF = YES;
				CLANG_WARN_OBJC_LITERAL_CONVERSION = YES;
				CLANG_WARN_OBJC_ROOT_CLASS = YES_ERROR;
				CLANG_WARN_QUOTED_INCLUDE_IN_FRAMEWORK_HEADER = YES;
				CLANG_WARN_RANGE_LOOP_ANALYSIS = YES;
				CLANG_WARN_STRICT_PROTOTYPES = YES;
				CLANG_WARN_SUSPICIOUS_MOVE = YES;
				CLANG_WARN_UNGUARDED_AVAILABILITY = YES_AGGRESSIVE;
				CLANG_WARN_UNREACHABLE_CODE = YES;
				CLANG_WARN__DUPLICATE_METHOD_MATCH = YES;
				COPY_PHASE_STRIP = NO;
				DEBUG_INFORMATION_FORMAT = dwarf;
				ENABLE_STRICT_OBJC_MSGSEND = YES;
				ENABLE_TESTABILITY = YES;
				GCC_C_LANGUAGE_STANDARD = gnu11;
				GCC_DYNAMIC_NO_PIC = NO;
				GCC_NO_COMMON_BLOCKS = YES;
				GCC_OPTIMIZATION_LEVEL = 0;
				GCC_PREPROCESSOR_DEFINITIONS = (
					"DEBUG=1",
					"$(inherited)",
				);
				GCC_WARN_64_TO_32_BIT_CONVERSION = YES;
				GCC_WARN_ABOUT_RETURN_TYPE = YES_ERROR;
				GCC_WARN_UNDECLARED_SELECTOR = YES;
				GCC_WARN_UNINITIALIZED_AUTOS = YES_AGGRESSIVE;
				GCC_WARN_UNUSED_FUNCTION = YES;
				GCC_WARN_UNUSED_VARIABLE = YES;
				IPHONEOS_DEPLOYMENT_TARGET = 16.0;
				MTL_ENABLE_DEBUG_INFO = INCLUDE_SOURCE;
				MTL_FAST_MATH = YES;
				ONLY_ACTIVE_ARCH = YES;
				SDKROOT = iphoneos;
				SWIFT_ACTIVE_COMPILATION_CONDITIONS = DEBUG;
				SWIFT_OPTIMIZATION_LEVEL = "-Onone";
			};
			name = Debug;
		};
		816A43BF28EAA99800AAF5AF /* Release */ = {
			isa = XCBuildConfiguration;
			buildSettings = {
				ALWAYS_SEARCH_USER_PATHS = NO;
				CLANG_ANALYZER_NONNULL = YES;
				CLANG_ANALYZER_NUMBER_OBJECT_CONVERSION = YES_AGGRESSIVE;
				CLANG_CXX_LANGUAGE_STANDARD = "gnu++20";
				CLANG_ENABLE_MODULES = YES;
				CLANG_ENABLE_OBJC_ARC = YES;
				CLANG_ENABLE_OBJC_WEAK = YES;
				CLANG_WARN_BLOCK_CAPTURE_AUTORELEASING = YES;
				CLANG_WARN_BOOL_CONVERSION = YES;
				CLANG_WARN_COMMA = YES;
				CLANG_WARN_CONSTANT_CONVERSION = YES;
				CLANG_WARN_DEPRECATED_OBJC_IMPLEMENTATIONS = YES;
				CLANG_WARN_DIRECT_OBJC_ISA_USAGE = YES_ERROR;
				CLANG_WARN_DOCUMENTATION_COMMENTS = YES;
				CLANG_WARN_EMPTY_BODY = YES;
				CLANG_WARN_ENUM_CONVERSION = YES;
				CLANG_WARN_INFINITE_RECURSION = YES;
				CLANG_WARN_INT_CONVERSION = YES;
				CLANG_WARN_NON_LITERAL_NULL_CONVERSION = YES;
				CLANG_WARN_OBJC_IMPLICIT_RETAIN_SELF = YES;
				CLANG_WARN_OBJC_LITERAL_CONVERSION = YES;
				CLANG_WARN_OBJC_ROOT_CLASS = YES_ERROR;
				CLANG_WARN_QUOTED_INCLUDE_IN_FRAMEWORK_HEADER = YES;
				CLANG_WARN_RANGE_LOOP_ANALYSIS = YES;
				CLANG_WARN_STRICT_PROTOTYPES = YES;
				CLANG_WARN_SUSPICIOUS_MOVE = YES;
				CLANG_WARN_UNGUARDED_AVAILABILITY = YES_AGGRESSIVE;
				CLANG_WARN_UNREACHABLE_CODE = YES;
				CLANG_WARN__DUPLICATE_METHOD_MATCH = YES;
				COPY_PHASE_STRIP = NO;
				DEBUG_INFORMATION_FORMAT = "dwarf-with-dsym";
				ENABLE_NS_ASSERTIONS = NO;
				ENABLE_STRICT_OBJC_MSGSEND = YES;
				GCC_C_LANGUAGE_STANDARD = gnu11;
				GCC_NO_COMMON_BLOCKS = YES;
				GCC_WARN_64_TO_32_BIT_CONVERSION = YES;
				GCC_WARN_ABOUT_RETURN_TYPE = YES_ERROR;
				GCC_WARN_UNDECLARED_SELECTOR = YES;
				GCC_WARN_UNINITIALIZED_AUTOS = YES_AGGRESSIVE;
				GCC_WARN_UNUSED_FUNCTION = YES;
				GCC_WARN_UNUSED_VARIABLE = YES;
				IPHONEOS_DEPLOYMENT_TARGET = 16.0;
				MTL_ENABLE_DEBUG_INFO = NO;
				MTL_FAST_MATH = YES;
				SDKROOT = iphoneos;
				SWIFT_COMPILATION_MODE = wholemodule;
				SWIFT_OPTIMIZATION_LEVEL = "-O";
				VALIDATE_PRODUCT = YES;
			};
			name = Release;
		};
		816A43C128EAA99800AAF5AF /* Debug */ = {
			isa = XCBuildConfiguration;
			buildSettings = {
				ASSETCATALOG_COMPILER_APPICON_NAME = AppIcon;
				ASSETCATALOG_COMPILER_GLOBAL_ACCENT_COLOR_NAME = AccentColor;
				CODE_SIGN_STYLE = Automatic;
				CURRENT_PROJECT_VERSION = 1;
				DEVELOPMENT_TEAM = XYU6KDT69V;
				GENERATE_INFOPLIST_FILE = YES;
				INFOPLIST_FILE = Section1_TableViewAssignment/Info.plist;
				INFOPLIST_KEY_LSApplicationCategoryType = "public.app-category.education";
				INFOPLIST_KEY_UIApplicationSupportsIndirectInputEvents = YES;
				INFOPLIST_KEY_UILaunchStoryboardName = LaunchScreen;
				INFOPLIST_KEY_UIMainStoryboardFile = Main;
				INFOPLIST_KEY_UISupportedInterfaceOrientations_iPad = "UIInterfaceOrientationPortrait UIInterfaceOrientationPortraitUpsideDown UIInterfaceOrientationLandscapeLeft UIInterfaceOrientationLandscapeRight";
				INFOPLIST_KEY_UISupportedInterfaceOrientations_iPhone = "UIInterfaceOrientationPortrait UIInterfaceOrientationLandscapeLeft UIInterfaceOrientationLandscapeRight";
				LD_RUNPATH_SEARCH_PATHS = (
					"$(inherited)",
					"@executable_path/Frameworks",
				);
				MARKETING_VERSION = 1.0;
				PRODUCT_BUNDLE_IDENTIFIER = "com.azamatk.Section1-TableViewAssignment";
				PRODUCT_NAME = "$(TARGET_NAME)";
				SWIFT_EMIT_LOC_STRINGS = YES;
				SWIFT_VERSION = 5.0;
				TARGETED_DEVICE_FAMILY = "1,2";
			};
			name = Debug;
		};
		816A43C228EAA99800AAF5AF /* Release */ = {
			isa = XCBuildConfiguration;
			buildSettings = {
				ASSETCATALOG_COMPILER_APPICON_NAME = AppIcon;
				ASSETCATALOG_COMPILER_GLOBAL_ACCENT_COLOR_NAME = AccentColor;
				CODE_SIGN_STYLE = Automatic;
				CURRENT_PROJECT_VERSION = 1;
				DEVELOPMENT_TEAM = XYU6KDT69V;
				GENERATE_INFOPLIST_FILE = YES;
				INFOPLIST_FILE = Section1_TableViewAssignment/Info.plist;
				INFOPLIST_KEY_LSApplicationCategoryType = "public.app-category.education";
				INFOPLIST_KEY_UIApplicationSupportsIndirectInputEvents = YES;
				INFOPLIST_KEY_UILaunchStoryboardName = LaunchScreen;
				INFOPLIST_KEY_UIMainStoryboardFile = Main;
				INFOPLIST_KEY_UISupportedInterfaceOrientations_iPad = "UIInterfaceOrientationPortrait UIInterfaceOrientationPortraitUpsideDown UIInterfaceOrientationLandscapeLeft UIInterfaceOrientationLandscapeRight";
				INFOPLIST_KEY_UISupportedInterfaceOrientations_iPhone = "UIInterfaceOrientationPortrait UIInterfaceOrientationLandscapeLeft UIInterfaceOrientationLandscapeRight";
				LD_RUNPATH_SEARCH_PATHS = (
					"$(inherited)",
					"@executable_path/Frameworks",
				);
				MARKETING_VERSION = 1.0;
				PRODUCT_BUNDLE_IDENTIFIER = "com.azamatk.Section1-TableViewAssignment";
				PRODUCT_NAME = "$(TARGET_NAME)";
				SWIFT_EMIT_LOC_STRINGS = YES;
				SWIFT_VERSION = 5.0;
				TARGETED_DEVICE_FAMILY = "1,2";
			};
			name = Release;
		};
		816A43C428EAA99800AAF5AF /* Debug */ = {
			isa = XCBuildConfiguration;
			buildSettings = {
				ALWAYS_EMBED_SWIFT_STANDARD_LIBRARIES = YES;
				BUNDLE_LOADER = "$(TEST_HOST)";
				CODE_SIGN_STYLE = Automatic;
				CURRENT_PROJECT_VERSION = 1;
				DEVELOPMENT_TEAM = XYU6KDT69V;
				GENERATE_INFOPLIST_FILE = YES;
				IPHONEOS_DEPLOYMENT_TARGET = 16.0;
				MARKETING_VERSION = 1.0;
				PRODUCT_BUNDLE_IDENTIFIER = "com.azamatk.Section1-TableViewAssignmentTests";
				PRODUCT_NAME = "$(TARGET_NAME)";
				SWIFT_EMIT_LOC_STRINGS = NO;
				SWIFT_VERSION = 5.0;
				TARGETED_DEVICE_FAMILY = "1,2";
				TEST_HOST = "$(BUILT_PRODUCTS_DIR)/Section1_TableViewAssignment.app/$(BUNDLE_EXECUTABLE_FOLDER_PATH)/Section1_TableViewAssignment";
			};
			name = Debug;
		};
		816A43C528EAA99800AAF5AF /* Release */ = {
			isa = XCBuildConfiguration;
			buildSettings = {
				ALWAYS_EMBED_SWIFT_STANDARD_LIBRARIES = YES;
				BUNDLE_LOADER = "$(TEST_HOST)";
				CODE_SIGN_STYLE = Automatic;
				CURRENT_PROJECT_VERSION = 1;
				DEVELOPMENT_TEAM = XYU6KDT69V;
				GENERATE_INFOPLIST_FILE = YES;
				IPHONEOS_DEPLOYMENT_TARGET = 16.0;
				MARKETING_VERSION = 1.0;
				PRODUCT_BUNDLE_IDENTIFIER = "com.azamatk.Section1-TableViewAssignmentTests";
				PRODUCT_NAME = "$(TARGET_NAME)";
				SWIFT_EMIT_LOC_STRINGS = NO;
				SWIFT_VERSION = 5.0;
				TARGETED_DEVICE_FAMILY = "1,2";
				TEST_HOST = "$(BUILT_PRODUCTS_DIR)/Section1_TableViewAssignment.app/$(BUNDLE_EXECUTABLE_FOLDER_PATH)/Section1_TableViewAssignment";
			};
			name = Release;
		};
		816A43C728EAA99800AAF5AF /* Debug */ = {
			isa = XCBuildConfiguration;
			buildSettings = {
				ALWAYS_EMBED_SWIFT_STANDARD_LIBRARIES = YES;
				CODE_SIGN_STYLE = Automatic;
				CURRENT_PROJECT_VERSION = 1;
				DEVELOPMENT_TEAM = XYU6KDT69V;
				GENERATE_INFOPLIST_FILE = YES;
				MARKETING_VERSION = 1.0;
				PRODUCT_BUNDLE_IDENTIFIER = "com.azamatk.Section1-TableViewAssignmentUITests";
				PRODUCT_NAME = "$(TARGET_NAME)";
				SWIFT_EMIT_LOC_STRINGS = NO;
				SWIFT_VERSION = 5.0;
				TARGETED_DEVICE_FAMILY = "1,2";
				TEST_TARGET_NAME = Section1_TableViewAssignment;
			};
			name = Debug;
		};
		816A43C828EAA99800AAF5AF /* Release */ = {
			isa = XCBuildConfiguration;
			buildSettings = {
				ALWAYS_EMBED_SWIFT_STANDARD_LIBRARIES = YES;
				CODE_SIGN_STYLE = Automatic;
				CURRENT_PROJECT_VERSION = 1;
				DEVELOPMENT_TEAM = XYU6KDT69V;
				GENERATE_INFOPLIST_FILE = YES;
				MARKETING_VERSION = 1.0;
				PRODUCT_BUNDLE_IDENTIFIER = "com.azamatk.Section1-TableViewAssignmentUITests";
				PRODUCT_NAME = "$(TARGET_NAME)";
				SWIFT_EMIT_LOC_STRINGS = NO;
				SWIFT_VERSION = 5.0;
				TARGETED_DEVICE_FAMILY = "1,2";
				TEST_TARGET_NAME = Section1_TableViewAssignment;
			};
			name = Release;
		};
/* End XCBuildConfiguration section */

/* Begin XCConfigurationList section */
		816A439128EAA99500AAF5AF /* Build configuration list for PBXProject "Section1_TableViewAssignment" */ = {
			isa = XCConfigurationList;
			buildConfigurations = (
				816A43BE28EAA99800AAF5AF /* Debug */,
				816A43BF28EAA99800AAF5AF /* Release */,
			);
			defaultConfigurationIsVisible = 0;
			defaultConfigurationName = Release;
		};
		816A43C028EAA99800AAF5AF /* Build configuration list for PBXNativeTarget "Section1_TableViewAssignment" */ = {
			isa = XCConfigurationList;
			buildConfigurations = (
				816A43C128EAA99800AAF5AF /* Debug */,
				816A43C228EAA99800AAF5AF /* Release */,
			);
			defaultConfigurationIsVisible = 0;
			defaultConfigurationName = Release;
		};
		816A43C328EAA99800AAF5AF /* Build configuration list for PBXNativeTarget "Section1_TableViewAssignmentTests" */ = {
			isa = XCConfigurationList;
			buildConfigurations = (
				816A43C428EAA99800AAF5AF /* Debug */,
				816A43C528EAA99800AAF5AF /* Release */,
			);
			defaultConfigurationIsVisible = 0;
			defaultConfigurationName = Release;
		};
		816A43C628EAA99800AAF5AF /* Build configuration list for PBXNativeTarget "Section1_TableViewAssignmentUITests" */ = {
			isa = XCConfigurationList;
			buildConfigurations = (
				816A43C728EAA99800AAF5AF /* Debug */,
				816A43C828EAA99800AAF5AF /* Release */,
			);
			defaultConfigurationIsVisible = 0;
			defaultConfigurationName = Release;
		};
/* End XCConfigurationList section */
	};
	rootObject = 816A438E28EAA99500AAF5AF /* Project object */;
}
